<Solution>
  <Folder Name="/Host/">
    <Project Path="UT.MicroserviceEco.Host/UT.MicroserviceEco.Host.AppHost/UT.MicroserviceEco.Host.AppHost.csproj" Id="1ebd5e23-3462-498a-8dfb-2d6e7a7ff7ea" />
    <Project Path="UT.MicroserviceEco.Host/UT.MicroserviceEco.Host.ServiceDefaults/UT.MicroserviceEco.Host.ServiceDefaults.csproj" />
  </Folder>
  <Folder Name="/Services/">
    <Project Path="UT.MicroserviceEco.AuthService/UT.MicroserviceEco.AuthService.csproj" />
  </Folder>
  <Folder Name="/Shared/" />
</Solution>
